// !$*UTF8*$!
{
	archiveVersion = 1;
	classes = {
	};
	objectVersion = 48;
	objects = {

/* Begin PBXBuildFile section */
		3D225FA41FD505DA00DE775F /* Restaurant+CoreDataClass.swift in Sources */ = {isa = PBXBuildFile; fileRef = 3D225FA21FD505DA00DE775F /* Restaurant+CoreDataClass.swift */; };
		3D225FA51FD505DA00DE775F /* Restaurant+CoreDataProperties.swift in Sources */ = {isa = PBXBuildFile; fileRef = 3D225FA31FD505DA00DE775F /* Restaurant+CoreDataProperties.swift */; };
		3D225FA81FD5069F00DE775F /* CoreDataStack.swift in Sources */ = {isa = PBXBuildFile; fileRef = 3D225FA71FD5069E00DE775F /* CoreDataStack.swift */; };
		3D225FAA1FD5474200DE775F /* RestaurantDetailVC.swift in Sources */ = {isa = PBXBuildFile; fileRef = 3D225FA91FD5474200DE775F /* RestaurantDetailVC.swift */; };
		FC17B5A11FD2941600CBF144 /* AppDelegate.swift in Sources */ = {isa = PBXBuildFile; fileRef = FC17B5A01FD2941600CBF144 /* AppDelegate.swift */; };
		FC17B5A61FD2941600CBF144 /* Main.storyboard in Resources */ = {isa = PBXBuildFile; fileRef = FC17B5A41FD2941600CBF144 /* Main.storyboard */; };
		FC17B5A91FD2941600CBF144 /* DummyMap.xcdatamodeld in Sources */ = {isa = PBXBuildFile; fileRef = FC17B5A71FD2941600CBF144 /* DummyMap.xcdatamodeld */; };
		FC17B5AB1FD2941600CBF144 /* Assets.xcassets in Resources */ = {isa = PBXBuildFile; fileRef = FC17B5AA1FD2941600CBF144 /* Assets.xcassets */; };
		FC17B5AE1FD2941600CBF144 /* LaunchScreen.storyboard in Resources */ = {isa = PBXBuildFile; fileRef = FC17B5AC1FD2941600CBF144 /* LaunchScreen.storyboard */; };
		FC17B5B61FD2E9E500CBF144 /* FeedVC.swift in Sources */ = {isa = PBXBuildFile; fileRef = FC17B5B51FD2E9E500CBF144 /* FeedVC.swift */; };
		FC958B221FD4137B009C4048 /* Alamofire.framework in Frameworks */ = {isa = PBXBuildFile; fileRef = FC958B1F1FD4137B009C4048 /* Alamofire.framework */; };
		FC958B231FD4137B009C4048 /* Cosmos.framework in Frameworks */ = {isa = PBXBuildFile; fileRef = FC958B201FD4137B009C4048 /* Cosmos.framework */; };
		FC958B241FD4137B009C4048 /* PKHUD.framework in Frameworks */ = {isa = PBXBuildFile; fileRef = FC958B211FD4137B009C4048 /* PKHUD.framework */; };
		FCCB75EB1FD3B1270078DE20 /* DemoCell.swift in Sources */ = {isa = PBXBuildFile; fileRef = FCCB75E91FD3B06F0078DE20 /* DemoCell.swift */; };
		FCCB75EC1FD3B1310078DE20 /* DemoCell.xib in Resources */ = {isa = PBXBuildFile; fileRef = FCCB75EA1FD3B06F0078DE20 /* DemoCell.xib */; };
/* End PBXBuildFile section */

/* Begin PBXFileReference section */
		3D225FA21FD505DA00DE775F /* Restaurant+CoreDataClass.swift */ = {isa = PBXFileReference; lastKnownFileType = sourcecode.swift; path = "Restaurant+CoreDataClass.swift"; sourceTree = "<group>"; };
		3D225FA31FD505DA00DE775F /* Restaurant+CoreDataProperties.swift */ = {isa = PBXFileReference; lastKnownFileType = sourcecode.swift; path = "Restaurant+CoreDataProperties.swift"; sourceTree = "<group>"; };
		3D225FA71FD5069E00DE775F /* CoreDataStack.swift */ = {isa = PBXFileReference; fileEncoding = 4; lastKnownFileType = sourcecode.swift; path = CoreDataStack.swift; sourceTree = "<group>"; };
		3D225FA91FD5474200DE775F /* RestaurantDetailVC.swift */ = {isa = PBXFileReference; lastKnownFileType = sourcecode.swift; path = RestaurantDetailVC.swift; sourceTree = "<group>"; };
		FC17B59D1FD2941600CBF144 /* DummyMap.app */ = {isa = PBXFileReference; explicitFileType = wrapper.application; includeInIndex = 0; path = DummyMap.app; sourceTree = BUILT_PRODUCTS_DIR; };
		FC17B5A01FD2941600CBF144 /* AppDelegate.swift */ = {isa = PBXFileReference; lastKnownFileType = sourcecode.swift; path = AppDelegate.swift; sourceTree = "<group>"; };
		FC17B5A51FD2941600CBF144 /* Base */ = {isa = PBXFileReference; lastKnownFileType = file.storyboard; name = Base; path = Base.lproj/Main.storyboard; sourceTree = "<group>"; };
		FC17B5A81FD2941600CBF144 /* DummyMap.xcdatamodel */ = {isa = PBXFileReference; lastKnownFileType = wrapper.xcdatamodel; path = DummyMap.xcdatamodel; sourceTree = "<group>"; };
		FC17B5AA1FD2941600CBF144 /* Assets.xcassets */ = {isa = PBXFileReference; lastKnownFileType = folder.assetcatalog; path = Assets.xcassets; sourceTree = "<group>"; };
		FC17B5AD1FD2941600CBF144 /* Base */ = {isa = PBXFileReference; lastKnownFileType = file.storyboard; name = Base; path = Base.lproj/LaunchScreen.storyboard; sourceTree = "<group>"; };
		FC17B5AF1FD2941600CBF144 /* Info.plist */ = {isa = PBXFileReference; lastKnownFileType = text.plist.xml; path = Info.plist; sourceTree = "<group>"; };
		FC17B5B51FD2E9E500CBF144 /* FeedVC.swift */ = {isa = PBXFileReference; lastKnownFileType = sourcecode.swift; path = FeedVC.swift; sourceTree = "<group>"; };
		FC958B1F1FD4137B009C4048 /* Alamofire.framework */ = {isa = PBXFileReference; lastKnownFileType = wrapper.framework; name = Alamofire.framework; path = Carthage/Build/iOS/Alamofire.framework; sourceTree = "<group>"; };
		FC958B201FD4137B009C4048 /* Cosmos.framework */ = {isa = PBXFileReference; lastKnownFileType = wrapper.framework; name = Cosmos.framework; path = Carthage/Build/iOS/Cosmos.framework; sourceTree = "<group>"; };
		FC958B211FD4137B009C4048 /* PKHUD.framework */ = {isa = PBXFileReference; lastKnownFileType = wrapper.framework; name = PKHUD.framework; path = Carthage/Build/iOS/PKHUD.framework; sourceTree = "<group>"; };
		FCCB75E91FD3B06F0078DE20 /* DemoCell.swift */ = {isa = PBXFileReference; lastKnownFileType = sourcecode.swift; path = DemoCell.swift; sourceTree = "<group>"; };
		FCCB75EA1FD3B06F0078DE20 /* DemoCell.xib */ = {isa = PBXFileReference; lastKnownFileType = file.xib; path = DemoCell.xib; sourceTree = "<group>"; };
/* End PBXFileReference section */

/* Begin PBXFrameworksBuildPhase section */
		FC17B59A1FD2941600CBF144 /* Frameworks */ = {
			isa = PBXFrameworksBuildPhase;
			buildActionMask = 2147483647;
			files = (
				FC958B221FD4137B009C4048 /* Alamofire.framework in Frameworks */,
				FC958B231FD4137B009C4048 /* Cosmos.framework in Frameworks */,
				FC958B241FD4137B009C4048 /* PKHUD.framework in Frameworks */,
			);
			runOnlyForDeploymentPostprocessing = 0;
		};
/* End PBXFrameworksBuildPhase section */

/* Begin PBXGroup section */
		3D225FA61FD5060000DE775F /* CoreDataClasses */ = {
			isa = PBXGroup;
			children = (
				3D225FA71FD5069E00DE775F /* CoreDataStack.swift */,
				3D225FA21FD505DA00DE775F /* Restaurant+CoreDataClass.swift */,
				3D225FA31FD505DA00DE775F /* Restaurant+CoreDataProperties.swift */,
			);
			path = CoreDataClasses;
			sourceTree = "<group>";
		};
		FC17B5941FD2941600CBF144 = {
			isa = PBXGroup;
			children = (
				FC17B59F1FD2941600CBF144 /* DummyMap */,
				FC17B59E1FD2941600CBF144 /* Products */,
				FC958B1E1FD4137A009C4048 /* Frameworks */,
			);
			sourceTree = "<group>";
		};
		FC17B59E1FD2941600CBF144 /* Products */ = {
			isa = PBXGroup;
			children = (
				FC17B59D1FD2941600CBF144 /* DummyMap.app */,
			);
			name = Products;
			sourceTree = "<group>";
		};
		FC17B59F1FD2941600CBF144 /* DummyMap */ = {
			isa = PBXGroup;
			children = (
				3D225FA61FD5060000DE775F /* CoreDataClasses */,
				FCCB75E81FD3B0470078DE20 /* Cells */,
				FC17B5A01FD2941600CBF144 /* AppDelegate.swift */,
				FC17B5A41FD2941600CBF144 /* Main.storyboard */,
				FC17B5AA1FD2941600CBF144 /* Assets.xcassets */,
				FC17B5AC1FD2941600CBF144 /* LaunchScreen.storyboard */,
				FC17B5AF1FD2941600CBF144 /* Info.plist */,
				FC17B5A71FD2941600CBF144 /* DummyMap.xcdatamodeld */,
				FC17B5B51FD2E9E500CBF144 /* FeedVC.swift */,
				3D225FA91FD5474200DE775F /* RestaurantDetailVC.swift */,
			);
			path = DummyMap;
			sourceTree = "<group>";
		};
		FC958B1E1FD4137A009C4048 /* Frameworks */ = {
			isa = PBXGroup;
			children = (
				FC958B1F1FD4137B009C4048 /* Alamofire.framework */,
				FC958B201FD4137B009C4048 /* Cosmos.framework */,
				FC958B211FD4137B009C4048 /* PKHUD.framework */,
			);
			name = Frameworks;
			sourceTree = "<group>";
		};
		FCCB75E81FD3B0470078DE20 /* Cells */ = {
			isa = PBXGroup;
			children = (
				FCCB75E91FD3B06F0078DE20 /* DemoCell.swift */,
				FCCB75EA1FD3B06F0078DE20 /* DemoCell.xib */,
			);
			path = Cells;
			sourceTree = "<group>";
		};
/* End PBXGroup section */

/* Begin PBXNativeTarget section */
		FC17B59C1FD2941600CBF144 /* DummyMap */ = {
			isa = PBXNativeTarget;
			buildConfigurationList = FC17B5B21FD2941600CBF144 /* Build configuration list for PBXNativeTarget "DummyMap" */;
			buildPhases = (
				FC17B5991FD2941600CBF144 /* Sources */,
				FC17B59A1FD2941600CBF144 /* Frameworks */,
				FC17B59B1FD2941600CBF144 /* Resources */,
				FC958B251FD413AB009C4048 /* ShellScript */,
			);
			buildRules = (
			);
			dependencies = (
			);
			name = DummyMap;
			productName = DummyMap;
			productReference = FC17B59D1FD2941600CBF144 /* DummyMap.app */;
			productType = "com.apple.product-type.application";
		};
/* End PBXNativeTarget section */

/* Begin PBXProject section */
		FC17B5951FD2941600CBF144 /* Project object */ = {
			isa = PBXProject;
			attributes = {
				LastSwiftUpdateCheck = 0900;
				LastUpgradeCheck = 0900;
				ORGANIZATIONNAME = "Ta Minh Quan";
				TargetAttributes = {
					FC17B59C1FD2941600CBF144 = {
						CreatedOnToolsVersion = 9.0;
						ProvisioningStyle = Manual;
					};
				};
			};
			buildConfigurationList = FC17B5981FD2941600CBF144 /* Build configuration list for PBXProject "DummyMap" */;
			compatibilityVersion = "Xcode 8.0";
			developmentRegion = en;
			hasScannedForEncodings = 0;
			knownRegions = (
				en,
				Base,
			);
			mainGroup = FC17B5941FD2941600CBF144;
			productRefGroup = FC17B59E1FD2941600CBF144 /* Products */;
			projectDirPath = "";
			projectRoot = "";
			targets = (
				FC17B59C1FD2941600CBF144 /* DummyMap */,
			);
		};
/* End PBXProject section */

/* Begin PBXResourcesBuildPhase section */
		FC17B59B1FD2941600CBF144 /* Resources */ = {
			isa = PBXResourcesBuildPhase;
			buildActionMask = 2147483647;
			files = (
				FCCB75EC1FD3B1310078DE20 /* DemoCell.xib in Resources */,
				FC17B5AE1FD2941600CBF144 /* LaunchScreen.storyboard in Resources */,
				FC17B5AB1FD2941600CBF144 /* Assets.xcassets in Resources */,
				FC17B5A61FD2941600CBF144 /* Main.storyboard in Resources */,
			);
			runOnlyForDeploymentPostprocessing = 0;
		};
/* End PBXResourcesBuildPhase section */

/* Begin PBXShellScriptBuildPhase section */
		FC958B251FD413AB009C4048 /* ShellScript */ = {
			isa = PBXShellScriptBuildPhase;
			buildActionMask = 2147483647;
			files = (
			);
			inputPaths = (
				"$(SRCROOT)/Carthage/Build/iOS/Alamofire.framework",
				"$(SRCROOT)/Carthage/Build/iOS/Cosmos.framework",
				"$(SRCROOT)/Carthage/Build/iOS/PKHUD.framework",
			);
			outputPaths = (
			);
			runOnlyForDeploymentPostprocessing = 0;
			shellPath = /bin/sh;
			shellScript = "/usr/local/bin/carthage copy-frameworks";
		};
/* End PBXShellScriptBuildPhase section */

/* Begin PBXSourcesBuildPhase section */
		FC17B5991FD2941600CBF144 /* Sources */ = {
			isa = PBXSourcesBuildPhase;
			buildActionMask = 2147483647;
			files = (
				3D225FAA1FD5474200DE775F /* RestaurantDetailVC.swift in Sources */,
				3D225FA51FD505DA00DE775F /* Restaurant+CoreDataProperties.swift in Sources */,
				FCCB75EB1FD3B1270078DE20 /* DemoCell.swift in Sources */,
				3D225FA81FD5069F00DE775F /* CoreDataStack.swift in Sources */,
				FC17B5B61FD2E9E500CBF144 /* FeedVC.swift in Sources */,
				3D225FA41FD505DA00DE775F /* Restaurant+CoreDataClass.swift in Sources */,
				FC17B5A91FD2941600CBF144 /* DummyMap.xcdatamodeld in Sources */,
				FC17B5A11FD2941600CBF144 /* AppDelegate.swift in Sources */,
			);
			runOnlyForDeploymentPostprocessing = 0;
		};
/* End PBXSourcesBuildPhase section */

/* Begin PBXVariantGroup section */
		FC17B5A41FD2941600CBF144 /* Main.storyboard */ = {
			isa = PBXVariantGroup;
			children = (
				FC17B5A51FD2941600CBF144 /* Base */,
			);
			name = Main.storyboard;
			sourceTree = "<group>";
		};
		FC17B5AC1FD2941600CBF144 /* LaunchScreen.storyboard */ = {
			isa = PBXVariantGroup;
			children = (
				FC17B5AD1FD2941600CBF144 /* Base */,
			);
			name = LaunchScreen.storyboard;
			sourceTree = "<group>";
		};
/* End PBXVariantGroup section */

/* Begin XCBuildConfiguration section */
		FC17B5B01FD2941600CBF144 /* Debug */ = {
			isa = XCBuildConfiguration;
			buildSettings = {
				ALWAYS_SEARCH_USER_PATHS = NO;
				CLANG_ANALYZER_NONNULL = YES;
				CLANG_ANALYZER_NUMBER_OBJECT_CONVERSION = YES_AGGRESSIVE;
				CLANG_CXX_LANGUAGE_STANDARD = "gnu++14";
				CLANG_CXX_LIBRARY = "libc++";
				CLANG_ENABLE_MODULES = YES;
				CLANG_ENABLE_OBJC_ARC = YES;
				CLANG_WARN_BLOCK_CAPTURE_AUTORELEASING = YES;
				CLANG_WARN_BOOL_CONVERSION = YES;
				CLANG_WARN_COMMA = YES;
				CLANG_WARN_CONSTANT_CONVERSION = YES;
				CLANG_WARN_DIRECT_OBJC_ISA_USAGE = YES_ERROR;
				CLANG_WARN_DOCUMENTATION_COMMENTS = YES;
				CLANG_WARN_EMPTY_BODY = YES;
				CLANG_WARN_ENUM_CONVERSION = YES;
				CLANG_WARN_INFINITE_RECURSION = YES;
				CLANG_WARN_INT_CONVERSION = YES;
				CLANG_WARN_NON_LITERAL_NULL_CONVERSION = YES;
				CLANG_WARN_OBJC_LITERAL_CONVERSION = YES;
				CLANG_WARN_OBJC_ROOT_CLASS = YES_ERROR;
				CLANG_WARN_RANGE_LOOP_ANALYSIS = YES;
				CLANG_WARN_STRICT_PROTOTYPES = YES;
				CLANG_WARN_SUSPICIOUS_MOVE = YES;
				CLANG_WARN_UNGUARDED_AVAILABILITY = YES_AGGRESSIVE;
				CLANG_WARN_UNREACHABLE_CODE = YES;
				CLANG_WARN__DUPLICATE_METHOD_MATCH = YES;
				CODE_SIGN_IDENTITY = "iPhone Developer";
				COPY_PHASE_STRIP = NO;
				DEBUG_INFORMATION_FORMAT = dwarf;
				ENABLE_STRICT_OBJC_MSGSEND = YES;
				ENABLE_TESTABILITY = YES;
				GCC_C_LANGUAGE_STANDARD = gnu11;
				GCC_DYNAMIC_NO_PIC = NO;
				GCC_NO_COMMON_BLOCKS = YES;
				GCC_OPTIMIZATION_LEVEL = 0;
				GCC_PREPROCESSOR_DEFINITIONS = (
					"DEBUG=1",
					"$(inherited)",
				);
				GCC_WARN_64_TO_32_BIT_CONVERSION = YES;
				GCC_WARN_ABOUT_RETURN_TYPE = YES_ERROR;
				GCC_WARN_UNDECLARED_SELECTOR = YES;
				GCC_WARN_UNINITIALIZED_AUTOS = YES_AGGRESSIVE;
				GCC_WARN_UNUSED_FUNCTION = YES;
				GCC_WARN_UNUSED_VARIABLE = YES;
				IPHONEOS_DEPLOYMENT_TARGET = 11.0;
				MTL_ENABLE_DEBUG_INFO = YES;
				ONLY_ACTIVE_ARCH = YES;
				SDKROOT = iphoneos;
				SWIFT_ACTIVE_COMPILATION_CONDITIONS = DEBUG;
				SWIFT_OPTIMIZATION_LEVEL = "-Onone";
			};
			name = Debug;
		};
		FC17B5B11FD2941600CBF144 /* Release */ = {
			isa = XCBuildConfiguration;
			buildSettings = {
				ALWAYS_SEARCH_USER_PATHS = NO;
				CLANG_ANALYZER_NONNULL = YES;
				CLANG_ANALYZER_NUMBER_OBJECT_CONVERSION = YES_AGGRESSIVE;
				CLANG_CXX_LANGUAGE_STANDARD = "gnu++14";
				CLANG_CXX_LIBRARY = "libc++";
				CLANG_ENABLE_MODULES = YES;
				CLANG_ENABLE_OBJC_ARC = YES;
				CLANG_WARN_BLOCK_CAPTURE_AUTORELEASING = YES;
				CLANG_WARN_BOOL_CONVERSION = YES;
				CLANG_WARN_COMMA = YES;
				CLANG_WARN_CONSTANT_CONVERSION = YES;
				CLANG_WARN_DIRECT_OBJC_ISA_USAGE = YES_ERROR;
				CLANG_WARN_DOCUMENTATION_COMMENTS = YES;
				CLANG_WARN_EMPTY_BODY = YES;
				CLANG_WARN_ENUM_CONVERSION = YES;
				CLANG_WARN_INFINITE_RECURSION = YES;
				CLANG_WARN_INT_CONVERSION = YES;
				CLANG_WARN_NON_LITERAL_NULL_CONVERSION = YES;
				CLANG_WARN_OBJC_LITERAL_CONVERSION = YES;
				CLANG_WARN_OBJC_ROOT_CLASS = YES_ERROR;
				CLANG_WARN_RANGE_LOOP_ANALYSIS = YES;
				CLANG_WARN_STRICT_PROTOTYPES = YES;
				CLANG_WARN_SUSPICIOUS_MOVE = YES;
				CLANG_WARN_UNGUARDED_AVAILABILITY = YES_AGGRESSIVE;
				CLANG_WARN_UNREACHABLE_CODE = YES;
				CLANG_WARN__DUPLICATE_METHOD_MATCH = YES;
				CODE_SIGN_IDENTITY = "iPhone Developer";
				COPY_PHASE_STRIP = NO;
				DEBUG_INFORMATION_FORMAT = "dwarf-with-dsym";
				ENABLE_NS_ASSERTIONS = NO;
				ENABLE_STRICT_OBJC_MSGSEND = YES;
				GCC_C_LANGUAGE_STANDARD = gnu11;
				GCC_NO_COMMON_BLOCKS = YES;
				GCC_WARN_64_TO_32_BIT_CONVERSION = YES;
				GCC_WARN_ABOUT_RETURN_TYPE = YES_ERROR;
				GCC_WARN_UNDECLARED_SELECTOR = YES;
				GCC_WARN_UNINITIALIZED_AUTOS = YES_AGGRESSIVE;
				GCC_WARN_UNUSED_FUNCTION = YES;
				GCC_WARN_UNUSED_VARIABLE = YES;
				IPHONEOS_DEPLOYMENT_TARGET = 11.0;
				MTL_ENABLE_DEBUG_INFO = NO;
				SDKROOT = iphoneos;
				SWIFT_OPTIMIZATION_LEVEL = "-Owholemodule";
				VALIDATE_PRODUCT = YES;
			};
			name = Release;
		};
		FC17B5B31FD2941600CBF144 /* Debug */ = {
			isa = XCBuildConfiguration;
			buildSettings = {
				ASSETCATALOG_COMPILER_APPICON_NAME = AppIcon;
				CODE_SIGN_STYLE = Manual;
				DEVELOPMENT_TEAM = "";
				FRAMEWORK_SEARCH_PATHS = (
					"$(inherited)",
					"$(PROJECT_DIR)/Carthage/Build/iOS",
				);
				INFOPLIST_FILE = DummyMap/Info.plist;
				LD_RUNPATH_SEARCH_PATHS = "$(inherited) @executable_path/Frameworks";
				PRODUCT_BUNDLE_IDENTIFIER = quan.DummyMap;
				PRODUCT_NAME = "$(TARGET_NAME)";
				PROVISIONING_PROFILE_SPECIFIER = "";
				SWIFT_VERSION = 4.0;
				TARGETED_DEVICE_FAMILY = "1,2";
			};
			name = Debug;
		};
		FC17B5B41FD2941600CBF144 /* Release */ = {
			isa = XCBuildConfiguration;
			buildSettings = {
				ASSETCATALOG_COMPILER_APPICON_NAME = AppIcon;
				CODE_SIGN_STYLE = Manual;
				DEVELOPMENT_TEAM = "";
				FRAMEWORK_SEARCH_PATHS = (
					"$(inherited)",
					"$(PROJECT_DIR)/Carthage/Build/iOS",
				);
				INFOPLIST_FILE = DummyMap/Info.plist;
				LD_RUNPATH_SEARCH_PATHS = "$(inherited) @executable_path/Frameworks";
				PRODUCT_BUNDLE_IDENTIFIER = quan.DummyMap;
				PRODUCT_NAME = "$(TARGET_NAME)";
				PROVISIONING_PROFILE_SPECIFIER = "";
				SWIFT_VERSION = 4.0;
				TARGETED_DEVICE_FAMILY = "1,2";
			};
			name = Release;
		};
/* End XCBuildConfiguration section */

/* Begin XCConfigurationList section */
		FC17B5981FD2941600CBF144 /* Build configuration list for PBXProject "DummyMap" */ = {
			isa = XCConfigurationList;
			buildConfigurations = (
				FC17B5B01FD2941600CBF144 /* Debug */,
				FC17B5B11FD2941600CBF144 /* Release */,
			);
			defaultConfigurationIsVisible = 0;
			defaultConfigurationName = Release;
		};
		FC17B5B21FD2941600CBF144 /* Build configuration list for PBXNativeTarget "DummyMap" */ = {
			isa = XCConfigurationList;
			buildConfigurations = (
				FC17B5B31FD2941600CBF144 /* Debug */,
				FC17B5B41FD2941600CBF144 /* Release */,
			);
			defaultConfigurationIsVisible = 0;
			defaultConfigurationName = Release;
		};
/* End XCConfigurationList section */

/* Begin XCVersionGroup section */
		FC17B5A71FD2941600CBF144 /* DummyMap.xcdatamodeld */ = {
			isa = XCVersionGroup;
			children = (
				FC17B5A81FD2941600CBF144 /* DummyMap.xcdatamodel */,
			);
			currentVersion = FC17B5A81FD2941600CBF144 /* DummyMap.xcdatamodel */;
			path = DummyMap.xcdatamodeld;
			sourceTree = "<group>";
			versionGroupType = wrapper.xcdatamodel;
		};
/* End XCVersionGroup section */
	};
	rootObject = FC17B5951FD2941600CBF144 /* Project object */;
}
